
Microsoft Visual Studio Solution File, Format Version 12.00
# Visual Studio Version 16
VisualStudioVersion = 16.0.29806.167
MinimumVisualStudioVersion = 10.0.40219.1
Project("{FAE04EC0-301F-11D3-BF4B-00C04F79EFBC}") = "qastly.Android", "qastly\qastly.Android\qastly.Android.csproj", "{00E34B57-1B0F-4C55-829C-EF90B774A16F}"
EndProject
Project("{FAE04EC0-301F-11D3-BF4B-00C04F79EFBC}") = "qastly.iOS", "qastly\qastly.iOS\qastly.iOS.csproj", "{8933AC08-BC4B-48F4-A4B4-C691E6931C50}"
EndProject
Project("{FAE04EC0-301F-11D3-BF4B-00C04F79EFBC}") = "qastly", "qastly\qastly\qastly.csproj", "{B2AFFA27-2A83-425A-A781-DAC7486A9181}"
EndProject
Global
	GlobalSection(SolutionConfigurationPlatforms) = preSolution
		Debug|Any CPU = Debug|Any CPU
		Debug|iPhone = Debug|iPhone
		Debug|iPhoneSimulator = Debug|iPhoneSimulator
		Release|Any CPU = Release|Any CPU
		Release|iPhone = Release|iPhone
		Release|iPhoneSimulator = Release|iPhoneSimulator
	EndGlobalSection
	GlobalSection(ProjectConfigurationPlatforms) = postSolution
		{00E34B57-1B0F-4C55-829C-EF90B774A16F}.Debug|Any CPU.ActiveCfg = Debug|Any CPU
		{00E34B57-1B0F-4C55-829C-EF90B774A16F}.Debug|Any CPU.Build.0 = Debug|Any CPU
		{00E34B57-1B0F-4C55-829C-EF90B774A16F}.Debug|Any CPU.Deploy.0 = Debug|Any CPU
		{00E34B57-1B0F-4C55-829C-EF90B774A16F}.Debug|iPhone.ActiveCfg = Debug|Any CPU
		{00E34B57-1B0F-4C55-829C-EF90B774A16F}.Debug|iPhone.Build.0 = Debug|Any CPU
		{00E34B57-1B0F-4C55-829C-EF90B774A16F}.Debug|iPhone.Deploy.0 = Debug|Any CPU
		{00E34B57-1B0F-4C55-829C-EF90B774A16F}.Debug|iPhoneSimulator.ActiveCfg = Debug|Any CPU
		{00E34B57-1B0F-4C55-829C-EF90B774A16F}.Debug|iPhoneSimulator.Build.0 = Debug|Any CPU
		{00E34B57-1B0F-4C55-829C-EF90B774A16F}.Debug|iPhoneSimulator.Deploy.0 = Debug|Any CPU
		{00E34B57-1B0F-4C55-829C-EF90B774A16F}.Release|Any CPU.ActiveCfg = Release|Any CPU
		{00E34B57-1B0F-4C55-829C-EF90B774A16F}.Release|Any CPU.Build.0 = Release|Any CPU
		{00E34B57-1B0F-4C55-829C-EF90B774A16F}.Release|Any CPU.Deploy.0 = Release|Any CPU
		{00E34B57-1B0F-4C55-829C-EF90B774A16F}.Release|iPhone.ActiveCfg = Release|Any CPU
		{00E34B57-1B0F-4C55-829C-EF90B774A16F}.Release|iPhone.Build.0 = Release|Any CPU
		{00E34B57-1B0F-4C55-829C-EF90B774A16F}.Release|iPhone.Deploy.0 = Release|Any CPU
		{00E34B57-1B0F-4C55-829C-EF90B774A16F}.Release|iPhoneSimulator.ActiveCfg = Release|Any CPU
		{00E34B57-1B0F-4C55-829C-EF90B774A16F}.Release|iPhoneSimulator.Build.0 = Release|Any CPU
		{00E34B57-1B0F-4C55-829C-EF90B774A16F}.Release|iPhoneSimulator.Deploy.0 = Release|Any CPU
		{8933AC08-BC4B-48F4-A4B4-C691E6931C50}.Debug|Any CPU.ActiveCfg = Debug|iPhoneSimulator
		{8933AC08-BC4B-48F4-A4B4-C691E6931C50}.Debug|Any CPU.Build.0 = Debug|iPhoneSimulator
		{8933AC08-BC4B-48F4-A4B4-C691E6931C50}.Debug|Any CPU.Deploy.0 = Debug|iPhoneSimulator
		{8933AC08-BC4B-48F4-A4B4-C691E6931C50}.Debug|iPhone.ActiveCfg = Debug|iPhone
		{8933AC08-BC4B-48F4-A4B4-C691E6931C50}.Debug|iPhone.Build.0 = Debug|iPhone
		{8933AC08-BC4B-48F4-A4B4-C691E6931C50}.Debug|iPhone.Deploy.0 = Debug|iPhone
		{8933AC08-BC4B-48F4-A4B4-C691E6931C50}.Debug|iPhoneSimulator.ActiveCfg = Debug|iPhoneSimulator
		{8933AC08-BC4B-48F4-A4B4-C691E6931C50}.Debug|iPhoneSimulator.Build.0 = Debug|iPhoneSimulator
		{8933AC08-BC4B-48F4-A4B4-C691E6931C50}.Debug|iPhoneSimulator.Deploy.0 = Debug|iPhoneSimulator
		{8933AC08-BC4B-48F4-A4B4-C691E6931C50}.Release|Any CPU.ActiveCfg = Release|iPhone
		{8933AC08-BC4B-48F4-A4B4-C691E6931C50}.Release|Any CPU.Build.0 = Release|iPhone
		{8933AC08-BC4B-48F4-A4B4-C691E6931C50}.Release|Any CPU.Deploy.0 = Release|iPhone
		{8933AC08-BC4B-48F4-A4B4-C691E6931C50}.Release|iPhone.ActiveCfg = Release|iPhone
		{8933AC08-BC4B-48F4-A4B4-C691E6931C50}.Release|iPhone.Build.0 = Release|iPhone
		{8933AC08-BC4B-48F4-A4B4-C691E6931C50}.Release|iPhone.Deploy.0 = Release|iPhone
		{8933AC08-BC4B-48F4-A4B4-C691E6931C50}.Release|iPhoneSimulator.ActiveCfg = Release|iPhoneSimulator
		{8933AC08-BC4B-48F4-A4B4-C691E6931C50}.Release|iPhoneSimulator.Build.0 = Release|iPhoneSimulator
		{8933AC08-BC4B-48F4-A4B4-C691E6931C50}.Release|iPhoneSimulator.Deploy.0 = Release|iPhoneSimulator
		{B2AFFA27-2A83-425A-A781-DAC7486A9181}.Debug|Any CPU.ActiveCfg = Debug|Any CPU
		{B2AFFA27-2A83-425A-A781-DAC7486A9181}.Debug|Any CPU.Build.0 = Debug|Any CPU
		{B2AFFA27-2A83-425A-A781-DAC7486A9181}.Debug|Any CPU.Deploy.0 = Debug|Any CPU
		{B2AFFA27-2A83-425A-A781-DAC7486A9181}.Debug|iPhone.ActiveCfg = Debug|Any CPU
		{B2AFFA27-2A83-425A-A781-DAC7486A9181}.Debug|iPhone.Build.0 = Debug|Any CPU
		{B2AFFA27-2A83-425A-A781-DAC7486A9181}.Debug|iPhone.Deploy.0 = Debug|Any CPU
		{B2AFFA27-2A83-425A-A781-DAC7486A9181}.Debug|iPhoneSimulator.ActiveCfg = Debug|Any CPU
		{B2AFFA27-2A83-425A-A781-DAC7486A9181}.Debug|iPhoneSimulator.Build.0 = Debug|Any CPU
		{B2AFFA27-2A83-425A-A781-DAC7486A9181}.Debug|iPhoneSimulator.Deploy.0 = Debug|Any CPU
		{B2AFFA27-2A83-425A-A781-DAC7486A9181}.Release|Any CPU.ActiveCfg = Release|Any CPU
		{B2AFFA27-2A83-425A-A781-DAC7486A9181}.Release|Any CPU.Build.0 = Release|Any CPU
		{B2AFFA27-2A83-425A-A781-DAC7486A9181}.Release|Any CPU.Deploy.0 = Release|Any CPU
		{B2AFFA27-2A83-425A-A781-DAC7486A9181}.Release|iPhone.ActiveCfg = Release|Any CPU
		{B2AFFA27-2A83-425A-A781-DAC7486A9181}.Release|iPhone.Build.0 = Release|Any CPU
		{B2AFFA27-2A83-425A-A781-DAC7486A9181}.Release|iPhone.Deploy.0 = Release|Any CPU
		{B2AFFA27-2A83-425A-A781-DAC7486A9181}.Release|iPhoneSimulator.ActiveCfg = Release|Any CPU
		{B2AFFA27-2A83-425A-A781-DAC7486A9181}.Release|iPhoneSimulator.Build.0 = Release|Any CPU
		{B2AFFA27-2A83-425A-A781-DAC7486A9181}.Release|iPhoneSimulator.Deploy.0 = Release|Any CPU
	EndGlobalSection
	GlobalSection(SolutionProperties) = preSolution
		HideSolutionNode = FALSE
	EndGlobalSection
	GlobalSection(ExtensibilityGlobals) = postSolution
		SolutionGuid = {E2A3B588-37E0-4E41-A314-6B5826B3BCFC}
	EndGlobalSection
EndGlobal
